# This file is automatically @generated by Cargo.
# It is not intended for manual editing.
version = 4

[[package]]
name = "aho-corasick"
version = "1.1.3"
source = "registry+https://github.com/rust-lang/crates.io-index"
checksum = "8e60d3430d3a69478ad0993f19238d2df97c507009a52b3c10addcd7f6bcb916"
dependencies = [
 "memchr",
]

[[package]]
name = "assert_matches"
version = "1.5.0"
source = "registry+https://github.com/rust-lang/crates.io-index"
checksum = "9b34d609dfbaf33d6889b2b7106d3ca345eacad44200913df5ba02bfd31d2ba9"

[[package]]
name = "const_format"
version = "0.2.34"
source = "registry+https://github.com/rust-lang/crates.io-index"
checksum = "126f97965c8ad46d6d9163268ff28432e8f6a1196a55578867832e3049df63dd"
dependencies = [
 "const_format_proc_macros",
]

[[package]]
name = "const_format_proc_macros"
version = "0.2.34"
source = "registry+https://github.com/rust-lang/crates.io-index"
checksum = "1d57c2eccfb16dbac1f4e61e206105db5820c9d26c3c472bc17c774259ef7744"
dependencies = [
 "proc-macro2",
 "quote",
 "unicode-xid",
]

[[package]]
name = "equivalent"
version = "1.0.2"
source = "registry+https://github.com/rust-lang/crates.io-index"
checksum = "877a4ace8713b0bcf2a4e7eec82529c029f1d0619886d18145fea96c3ffe5c0f"

[[package]]
name = "fastrand"
version = "2.3.0"
source = "registry+https://github.com/rust-lang/crates.io-index"
checksum = "37909eebbb50d72f9059c3b6d82c0463f2ff062c9e95845c43a6c9c0355411be"

[[package]]
name = "gdextension-api"
version = "0.2.2"
source = "git+https://github.com/godot-rust/godot4-prebuilt?branch=releases#09432b4c2c16f044f0296f96512661ea106003ff"

[[package]]
name = "glam"
version = "0.30.5"
source = "registry+https://github.com/rust-lang/crates.io-index"
checksum = "f2d1aab06663bdce00d6ca5e5ed586ec8d18033a771906c993a1e3755b368d85"

[[package]]
name = "godot"
version = "0.3.4"
source = "git+https://github.com/godot-rust/gdext?branch=master#e3485d29a7c1ed3cb9025faad1aaed9b71db5e16"
dependencies = [
 "godot-core",
 "godot-macros",
]

[[package]]
name = "godot-bindings"
version = "0.3.4"
source = "git+https://github.com/godot-rust/gdext?branch=master#e3485d29a7c1ed3cb9025faad1aaed9b71db5e16"
dependencies = [
 "gdextension-api",
]

[[package]]
name = "godot-cell"
version = "0.3.4"
source = "git+https://github.com/godot-rust/gdext?branch=master#e3485d29a7c1ed3cb9025faad1aaed9b71db5e16"

[[package]]
name = "godot-codegen"
version = "0.3.4"
source = "git+https://github.com/godot-rust/gdext?branch=master#e3485d29a7c1ed3cb9025faad1aaed9b71db5e16"
dependencies = [
 "godot-bindings",
 "heck",
 "nanoserde",
 "proc-macro2",
 "quote",
 "regex",
]

[[package]]
name = "godot-core"
version = "0.3.4"
source = "git+https://github.com/godot-rust/gdext?branch=master#e3485d29a7c1ed3cb9025faad1aaed9b71db5e16"
dependencies = [
 "glam",
 "godot-bindings",
 "godot-cell",
 "godot-codegen",
 "godot-ffi",
]

[[package]]
name = "godot-ffi"
version = "0.3.4"
source = "git+https://github.com/godot-rust/gdext?branch=master#e3485d29a7c1ed3cb9025faad1aaed9b71db5e16"
dependencies = [
 "godot-bindings",
 "godot-codegen",
 "godot-macros",
 "libc",
]

[[package]]
name = "godot-macros"
version = "0.3.4"
source = "git+https://github.com/godot-rust/gdext?branch=master#e3485d29a7c1ed3cb9025faad1aaed9b71db5e16"
dependencies = [
 "godot-bindings",
 "proc-macro2",
 "quote",
 "venial",
]

[[package]]
name = "grandfathers_of_the_sahara"
version = "0.1.0"
dependencies = [
 "assert_matches",
 "const_format",
 "godot",
 "phf",
 "thiserror",
 "toml",
]

[[package]]
name = "hashbrown"
version = "0.15.5"
source = "registry+https://github.com/rust-lang/crates.io-index"
checksum = "9229cfe53dfd69f0609a49f65461bd93001ea1ef889cd5529dd176593f5338a1"

[[package]]
name = "heck"
version = "0.5.0"
source = "registry+https://github.com/rust-lang/crates.io-index"
checksum = "2304e00983f87ffb38b55b444b5e3b60a884b5d30c0fca7d82fe33449bbe55ea"

[[package]]
name = "indexmap"
version = "2.10.0"
source = "registry+https://github.com/rust-lang/crates.io-index"
checksum = "fe4cd85333e22411419a0bcae1297d25e58c9443848b11dc6a86fefe8c78a661"
dependencies = [
 "equivalent",
 "hashbrown",
]

[[package]]
name = "libc"
version = "0.2.175"
source = "registry+https://github.com/rust-lang/crates.io-index"
checksum = "6a82ae493e598baaea5209805c49bbf2ea7de956d50d7da0da1164f9c6d28543"

[[package]]
name = "memchr"
version = "2.7.5"
source = "registry+https://github.com/rust-lang/crates.io-index"
checksum = "32a282da65faaf38286cf3be983213fcf1d2e2a58700e808f83f4ea9a4804bc0"

[[package]]
name = "nanoserde"
version = "0.2.1"
source = "registry+https://github.com/rust-lang/crates.io-index"
checksum = "a36fb3a748a4c9736ed7aeb5f2dfc99665247f1ce306abbddb2bf0ba2ac530a4"
dependencies = [
 "nanoserde-derive",
]

[[package]]
name = "nanoserde-derive"
version = "0.2.1"
source = "registry+https://github.com/rust-lang/crates.io-index"
checksum = "a846cbc04412cf509efcd8f3694b114fc700a035fb5a37f21517f9fb019f1ebc"

[[package]]
name = "phf"
version = "0.12.1"
source = "registry+https://github.com/rust-lang/crates.io-index"
checksum = "913273894cec178f401a31ec4b656318d95473527be05c0752cc41cdc32be8b7"
dependencies = [
 "phf_macros",
 "phf_shared",
 "serde",
]

[[package]]
name = "phf_generator"
version = "0.12.1"
source = "registry+https://github.com/rust-lang/crates.io-index"
checksum = "2cbb1126afed61dd6368748dae63b1ee7dc480191c6262a3b4ff1e29d86a6c5b"
dependencies = [
 "fastrand",
 "phf_shared",
]

[[package]]
name = "phf_macros"
version = "0.12.1"
source = "registry+https://github.com/rust-lang/crates.io-index"
checksum = "d713258393a82f091ead52047ca779d37e5766226d009de21696c4e667044368"
dependencies = [
 "phf_generator",
 "phf_shared",
 "proc-macro2",
 "quote",
 "syn",
]

[[package]]
name = "phf_shared"
version = "0.12.1"
source = "registry+https://github.com/rust-lang/crates.io-index"
checksum = "06005508882fb681fd97892ecff4b7fd0fee13ef1aa569f8695dae7ab9099981"
dependencies = [
 "siphasher",
]

[[package]]
name = "proc-macro2"
version = "1.0.101"
source = "registry+https://github.com/rust-lang/crates.io-index"
checksum = "89ae43fd86e4158d6db51ad8e2b80f313af9cc74f5c0e03ccb87de09998732de"
dependencies = [
 "unicode-ident",
]

[[package]]
name = "quote"
version = "1.0.40"
source = "registry+https://github.com/rust-lang/crates.io-index"
checksum = "1885c039570dc00dcb4ff087a89e185fd56bae234ddc7f056a945bf36467248d"
dependencies = [
 "proc-macro2",
]

[[package]]
name = "regex"
version = "1.11.1"
source = "registry+https://github.com/rust-lang/crates.io-index"
checksum = "b544ef1b4eac5dc2db33ea63606ae9ffcfac26c1416a2806ae0bf5f56b201191"
dependencies = [
 "aho-corasick",
 "memchr",
 "regex-automata",
 "regex-syntax",
]

[[package]]
name = "regex-automata"
version = "0.4.9"
source = "registry+https://github.com/rust-lang/crates.io-index"
checksum = "809e8dc61f6de73b46c85f4c96486310fe304c434cfa43669d7b40f711150908"
dependencies = [
 "aho-corasick",
 "memchr",
 "regex-syntax",
]

[[package]]
name = "regex-syntax"
version = "0.8.5"
source = "registry+https://github.com/rust-lang/crates.io-index"
checksum = "2b15c43186be67a4fd63bee50d0303afffcef381492ebe2c5d87f324e1b8815c"

[[package]]
name = "serde"
version = "1.0.219"
source = "registry+https://github.com/rust-lang/crates.io-index"
checksum = "5f0e2c6ed6606019b4e29e69dbaba95b11854410e5347d525002456dbbb786b6"
dependencies = [
 "serde_derive",
]

[[package]]
name = "serde_derive"
version = "1.0.219"
source = "registry+https://github.com/rust-lang/crates.io-index"
checksum = "5b0276cf7f2c73365f7157c8123c21cd9a50fbbd844757af28ca1f5925fc2a00"
dependencies = [
 "proc-macro2",
 "quote",
 "syn",
]

[[package]]
name = "serde_spanned"
version = "1.0.0"
source = "registry+https://github.com/rust-lang/crates.io-index"
checksum = "40734c41988f7306bb04f0ecf60ec0f3f1caa34290e4e8ea471dcd3346483b83"
dependencies = [
 "serde",
]

[[package]]
name = "siphasher"
version = "1.0.1"
source = "registry+https://github.com/rust-lang/crates.io-index"
checksum = "56199f7ddabf13fe5074ce809e7d3f42b42ae711800501b5b16ea82ad029c39d"

[[package]]
name = "syn"
version = "2.0.106"
source = "registry+https://github.com/rust-lang/crates.io-index"
checksum = "ede7c438028d4436d71104916910f5bb611972c5cfd7f89b8300a8186e6fada6"
dependencies = [
 "proc-macro2",
 "quote",
 "unicode-ident",
]

[[package]]
name = "thiserror"
version = "2.0.15"
source = "registry+https://github.com/rust-lang/crates.io-index"
checksum = "80d76d3f064b981389ecb4b6b7f45a0bf9fdac1d5b9204c7bd6714fecc302850"
dependencies = [
 "thiserror-impl",
]

[[package]]
name = "thiserror-impl"
version = "2.0.15"
source = "registry+https://github.com/rust-lang/crates.io-index"
checksum = "44d29feb33e986b6ea906bd9c3559a856983f92371b3eaa5e83782a351623de0"
dependencies = [
 "proc-macro2",
 "quote",
 "syn",
]

[[package]]
name = "toml"
version = "0.9.5"
source = "registry+https://github.com/rust-lang/crates.io-index"
checksum = "75129e1dc5000bfbaa9fee9d1b21f974f9fbad9daec557a521ee6e080825f6e8"
dependencies = [
 "indexmap",
 "serde",
 "serde_spanned",
 "toml_datetime",
 "toml_parser",
 "toml_writer",
 "winnow",
]

[[package]]
name = "toml_datetime"
version = "0.7.0"
source = "registry+https://github.com/rust-lang/crates.io-index"
checksum = "bade1c3e902f58d73d3f294cd7f20391c1cb2fbcb643b73566bc773971df91e3"
dependencies = [
 "serde",
]

[[package]]
name = "toml_parser"
version = "1.0.2"
source = "registry+https://github.com/rust-lang/crates.io-index"
checksum = "b551886f449aa90d4fe2bdaa9f4a2577ad2dde302c61ecf262d80b116db95c10"
dependencies = [
 "winnow",
]

[[package]]
name = "toml_writer"
version = "1.0.2"
source = "registry+https://github.com/rust-lang/crates.io-index"
checksum = "fcc842091f2def52017664b53082ecbbeb5c7731092bad69d2c63050401dfd64"

[[package]]
name = "unicode-ident"
version = "1.0.18"
source = "registry+https://github.com/rust-lang/crates.io-index"
checksum = "5a5f39404a5da50712a4c1eecf25e90dd62b613502b7e925fd4e4d19b5c96512"

[[package]]
name = "unicode-xid"
version = "0.2.6"
source = "registry+https://github.com/rust-lang/crates.io-index"
checksum = "ebc1c04c71510c7f702b52b7c350734c9ff1295c464a03335b00bb84fc54f853"

[[package]]
name = "venial"
version = "0.6.1"
source = "registry+https://github.com/rust-lang/crates.io-index"
checksum = "9a42528baceab6c7784446df2a10f4185078c39bf73dc614f154353f1a6b1229"
dependencies = [
 "proc-macro2",
 "quote",
]

[[package]]
name = "winnow"
version = "0.7.12"
source = "registry+https://github.com/rust-lang/crates.io-index"
checksum = "f3edebf492c8125044983378ecb5766203ad3b4c2f7a922bd7dd207f6d443e95"
